// !$*UTF8*$!
{
	archiveVersion = 1;
	classes = {
	};
	objectVersion = 46;
	objects = {

/* Begin PBXBuildFile section */
		17629F581E2D729700D230A6 /* AppDelegate.swift in Sources */ = {isa = PBXBuildFile; fileRef = 17629F571E2D729700D230A6 /* AppDelegate.swift */; };
		17629F5B1E2D72A700D230A6 /* FZUIHelper.swift in Sources */ = {isa = PBXBuildFile; fileRef = 17629F5A1E2D72A700D230A6 /* FZUIHelper.swift */; };
		17629F5D1E2D72CE00D230A6 /* Main.storyboard in Resources */ = {isa = PBXBuildFile; fileRef = 17629F5C1E2D72CE00D230A6 /* Main.storyboard */; };
		17629F5F1E2D72DF00D230A6 /* LoginViewController.swift in Sources */ = {isa = PBXBuildFile; fileRef = 17629F5E1E2D72DF00D230A6 /* LoginViewController.swift */; };
		CE42E2F91E29335F00BE1C60 /* AlertViewController.swift in Sources */ = {isa = PBXBuildFile; fileRef = CE42E2F81E29335F00BE1C60 /* AlertViewController.swift */; };
		CE63521A1E2774790047A870 /* CheckBox.swift in Sources */ = {isa = PBXBuildFile; fileRef = CE6352191E2774790047A870 /* CheckBox.swift */; };
		CEDC3D771E24C554003168EA /* Assets.xcassets in Resources */ = {isa = PBXBuildFile; fileRef = CEDC3D761E24C554003168EA /* Assets.xcassets */; };
		CEDC3D7A1E24C554003168EA /* LaunchScreen.storyboard in Resources */ = {isa = PBXBuildFile; fileRef = CEDC3D781E24C554003168EA /* LaunchScreen.storyboard */; };
		CEDC3D891E24C80D003168EA /* Registration.storyboard in Resources */ = {isa = PBXBuildFile; fileRef = CEDC3D871E24C80D003168EA /* Registration.storyboard */; };
		CEDC3D8D1E2513F3003168EA /* RegistrationViewController.swift in Sources */ = {isa = PBXBuildFile; fileRef = CEDC3D8C1E2513F2003168EA /* RegistrationViewController.swift */; };
		CEDC3D8F1E251403003168EA /* UserInfoViewController.swift in Sources */ = {isa = PBXBuildFile; fileRef = CEDC3D8E1E251403003168EA /* UserInfoViewController.swift */; };
		CEDC3D911E25140D003168EA /* PhoneAcceptViewController.swift in Sources */ = {isa = PBXBuildFile; fileRef = CEDC3D901E25140D003168EA /* PhoneAcceptViewController.swift */; };
		CEDC3D931E251426003168EA /* SelectStoresViewController.swift in Sources */ = {isa = PBXBuildFile; fileRef = CEDC3D921E251426003168EA /* SelectStoresViewController.swift */; };
		CEDC3D951E254FB0003168EA /* Constants.swift in Sources */ = {isa = PBXBuildFile; fileRef = CEDC3D941E254FB0003168EA /* Constants.swift */; };
		CEDC3D991E2559D5003168EA /* SelectStoreTableViewCell.swift in Sources */ = {isa = PBXBuildFile; fileRef = CEDC3D981E2559D5003168EA /* SelectStoreTableViewCell.swift */; };
		CEF1EA091E2649CC00C8C518 /* VerificationCodeViewController.swift in Sources */ = {isa = PBXBuildFile; fileRef = CEF1EA081E2649CC00C8C518 /* VerificationCodeViewController.swift */; };
		CEF1EA0D1E26524000C8C518 /* ViewExtension.swift in Sources */ = {isa = PBXBuildFile; fileRef = CEF1EA0C1E26524000C8C518 /* ViewExtension.swift */; };
/* End PBXBuildFile section */

/* Begin PBXFileReference section */
		17629F571E2D729700D230A6 /* AppDelegate.swift */ = {isa = PBXFileReference; fileEncoding = 4; lastKnownFileType = sourcecode.swift; path = AppDelegate.swift; sourceTree = "<group>"; };
		17629F5A1E2D72A700D230A6 /* FZUIHelper.swift */ = {isa = PBXFileReference; fileEncoding = 4; lastKnownFileType = sourcecode.swift; path = FZUIHelper.swift; sourceTree = "<group>"; };
		17629F5C1E2D72CE00D230A6 /* Main.storyboard */ = {isa = PBXFileReference; fileEncoding = 4; lastKnownFileType = file.storyboard; path = Main.storyboard; sourceTree = "<group>"; };
		17629F5E1E2D72DF00D230A6 /* LoginViewController.swift */ = {isa = PBXFileReference; fileEncoding = 4; lastKnownFileType = sourcecode.swift; path = LoginViewController.swift; sourceTree = "<group>"; };
		CE42E2F81E29335F00BE1C60 /* AlertViewController.swift */ = {isa = PBXFileReference; fileEncoding = 4; lastKnownFileType = sourcecode.swift; path = AlertViewController.swift; sourceTree = "<group>"; };
		CE6352191E2774790047A870 /* CheckBox.swift */ = {isa = PBXFileReference; fileEncoding = 4; lastKnownFileType = sourcecode.swift; path = CheckBox.swift; sourceTree = "<group>"; };
		CEDC3D6C1E24C554003168EA /* FoodZity.app */ = {isa = PBXFileReference; explicitFileType = wrapper.application; includeInIndex = 0; path = FoodZity.app; sourceTree = BUILT_PRODUCTS_DIR; };
		CEDC3D761E24C554003168EA /* Assets.xcassets */ = {isa = PBXFileReference; lastKnownFileType = folder.assetcatalog; path = Assets.xcassets; sourceTree = "<group>"; };
		CEDC3D791E24C554003168EA /* Base */ = {isa = PBXFileReference; lastKnownFileType = file.storyboard; name = Base; path = Base.lproj/LaunchScreen.storyboard; sourceTree = "<group>"; };
		CEDC3D7B1E24C554003168EA /* Info.plist */ = {isa = PBXFileReference; lastKnownFileType = text.plist.xml; path = Info.plist; sourceTree = "<group>"; };
		CEDC3D881E24C80D003168EA /* Base */ = {isa = PBXFileReference; lastKnownFileType = file.storyboard; name = Base; path = Base.lproj/Registration.storyboard; sourceTree = "<group>"; };
		CEDC3D8C1E2513F2003168EA /* RegistrationViewController.swift */ = {isa = PBXFileReference; fileEncoding = 4; lastKnownFileType = sourcecode.swift; path = RegistrationViewController.swift; sourceTree = "<group>"; };
		CEDC3D8E1E251403003168EA /* UserInfoViewController.swift */ = {isa = PBXFileReference; fileEncoding = 4; lastKnownFileType = sourcecode.swift; path = UserInfoViewController.swift; sourceTree = "<group>"; };
		CEDC3D901E25140D003168EA /* PhoneAcceptViewController.swift */ = {isa = PBXFileReference; fileEncoding = 4; lastKnownFileType = sourcecode.swift; path = PhoneAcceptViewController.swift; sourceTree = "<group>"; };
		CEDC3D921E251426003168EA /* SelectStoresViewController.swift */ = {isa = PBXFileReference; fileEncoding = 4; lastKnownFileType = sourcecode.swift; path = SelectStoresViewController.swift; sourceTree = "<group>"; };
		CEDC3D941E254FB0003168EA /* Constants.swift */ = {isa = PBXFileReference; fileEncoding = 4; lastKnownFileType = sourcecode.swift; path = Constants.swift; sourceTree = "<group>"; };
		CEDC3D981E2559D5003168EA /* SelectStoreTableViewCell.swift */ = {isa = PBXFileReference; fileEncoding = 4; lastKnownFileType = sourcecode.swift; path = SelectStoreTableViewCell.swift; sourceTree = "<group>"; };
		CEF1EA081E2649CC00C8C518 /* VerificationCodeViewController.swift */ = {isa = PBXFileReference; fileEncoding = 4; lastKnownFileType = sourcecode.swift; path = VerificationCodeViewController.swift; sourceTree = "<group>"; };
		CEF1EA0C1E26524000C8C518 /* ViewExtension.swift */ = {isa = PBXFileReference; fileEncoding = 4; lastKnownFileType = sourcecode.swift; path = ViewExtension.swift; sourceTree = "<group>"; };
/* End PBXFileReference section */

/* Begin PBXFrameworksBuildPhase section */
		CEDC3D691E24C554003168EA /* Frameworks */ = {
			isa = PBXFrameworksBuildPhase;
			buildActionMask = 2147483647;
			files = (
			);
			runOnlyForDeploymentPostprocessing = 0;
		};
/* End PBXFrameworksBuildPhase section */

/* Begin PBXGroup section */
		17629F591E2D72A700D230A6 /* Helpers */ = {
			isa = PBXGroup;
			children = (
				17629F5A1E2D72A700D230A6 /* FZUIHelper.swift */,
			);
			path = Helpers;
			sourceTree = "<group>";
		};
		CEDC3D631E24C553003168EA = {
			isa = PBXGroup;
			children = (
				CEDC3D6E1E24C554003168EA /* FoodZity */,
				CEDC3D6D1E24C554003168EA /* Products */,
			);
			sourceTree = "<group>";
		};
		CEDC3D6D1E24C554003168EA /* Products */ = {
			isa = PBXGroup;
			children = (
				CEDC3D6C1E24C554003168EA /* FoodZity.app */,
			);
			name = Products;
			sourceTree = "<group>";
		};
		CEDC3D6E1E24C554003168EA /* FoodZity */ = {
			isa = PBXGroup;
			children = (
				17629F591E2D72A700D230A6 /* Helpers */,
				CEF1EA0B1E26522300C8C518 /* Extensions */,
				CEDC3D831E24C752003168EA /* Views */,
				CEDC3D821E24C741003168EA /* ViewControllers */,
				CEDC3D811E24C729003168EA /* Storyboards */,
				CEDC3D941E254FB0003168EA /* Constants.swift */,
				CEDC3D761E24C554003168EA /* Assets.xcassets */,
				CEDC3D781E24C554003168EA /* LaunchScreen.storyboard */,
				17629F571E2D729700D230A6 /* AppDelegate.swift */,
				CEDC3D7B1E24C554003168EA /* Info.plist */,
			);
			path = FoodZity;
			sourceTree = "<group>";
		};
		CEDC3D811E24C729003168EA /* Storyboards */ = {
			isa = PBXGroup;
			children = (
				17629F5C1E2D72CE00D230A6 /* Main.storyboard */,
				CEDC3D871E24C80D003168EA /* Registration.storyboard */,
			);
			name = Storyboards;
			sourceTree = "<group>";
		};
		CEDC3D821E24C741003168EA /* ViewControllers */ = {
			isa = PBXGroup;
			children = (
				CEDC3D861E24C7D6003168EA /* Registration */,
				CEDC3D851E24C7CC003168EA /* Login */,
			);
			path = ViewControllers;
			sourceTree = "<group>";
		};
		CEDC3D831E24C752003168EA /* Views */ = {
			isa = PBXGroup;
			children = (
				CEF1EA0A1E2650B600C8C518 /* Controls */,
				CEDC3D8A1E24D53E003168EA /* Cells */,
			);
			path = Views;
			sourceTree = "<group>";
		};
		CEDC3D851E24C7CC003168EA /* Login */ = {
			isa = PBXGroup;
			children = (
				17629F5E1E2D72DF00D230A6 /* LoginViewController.swift */,
			);
			path = Login;
			sourceTree = "<group>";
		};
		CEDC3D861E24C7D6003168EA /* Registration */ = {
			isa = PBXGroup;
			children = (
				CEDC3D8C1E2513F2003168EA /* RegistrationViewController.swift */,
				CEDC3D8E1E251403003168EA /* UserInfoViewController.swift */,
				CEDC3D901E25140D003168EA /* PhoneAcceptViewController.swift */,
				CEDC3D921E251426003168EA /* SelectStoresViewController.swift */,
				CEF1EA081E2649CC00C8C518 /* VerificationCodeViewController.swift */,
				CE42E2F81E29335F00BE1C60 /* AlertViewController.swift */,
			);
			path = Registration;
			sourceTree = "<group>";
		};
		CEDC3D8A1E24D53E003168EA /* Cells */ = {
			isa = PBXGroup;
			children = (
				CEDC3D981E2559D5003168EA /* SelectStoreTableViewCell.swift */,
			);
			path = Cells;
			sourceTree = "<group>";
		};
		CEF1EA0A1E2650B600C8C518 /* Controls */ = {
			isa = PBXGroup;
			children = (
				CE6352191E2774790047A870 /* CheckBox.swift */,
			);
			path = Controls;
			sourceTree = "<group>";
		};
		CEF1EA0B1E26522300C8C518 /* Extensions */ = {
			isa = PBXGroup;
			children = (
				CEF1EA0C1E26524000C8C518 /* ViewExtension.swift */,
			);
			path = Extensions;
			sourceTree = "<group>";
		};
/* End PBXGroup section */

/* Begin PBXNativeTarget section */
		CEDC3D6B1E24C554003168EA /* FoodZity */ = {
			isa = PBXNativeTarget;
			buildConfigurationList = CEDC3D7E1E24C554003168EA /* Build configuration list for PBXNativeTarget "FoodZity" */;
			buildPhases = (
				CEDC3D681E24C554003168EA /* Sources */,
				CEDC3D691E24C554003168EA /* Frameworks */,
				CEDC3D6A1E24C554003168EA /* Resources */,
			);
			buildRules = (
			);
			dependencies = (
			);
			name = FoodZity;
			productName = FoodZity;
			productReference = CEDC3D6C1E24C554003168EA /* FoodZity.app */;
			productType = "com.apple.product-type.application";
		};
/* End PBXNativeTarget section */

/* Begin PBXProject section */
		CEDC3D641E24C553003168EA /* Project object */ = {
			isa = PBXProject;
			attributes = {
				LastSwiftUpdateCheck = 0820;
				LastUpgradeCheck = 0820;
				ORGANIZATIONNAME = "Anna Goman";
				TargetAttributes = {
					CEDC3D6B1E24C554003168EA = {
						CreatedOnToolsVersion = 8.2.1;
						ProvisioningStyle = Automatic;
					};
				};
			};
			buildConfigurationList = CEDC3D671E24C553003168EA /* Build configuration list for PBXProject "FoodZity" */;
			compatibilityVersion = "Xcode 3.2";
			developmentRegion = English;
			hasScannedForEncodings = 0;
			knownRegions = (
				en,
				Base,
			);
			mainGroup = CEDC3D631E24C553003168EA;
			productRefGroup = CEDC3D6D1E24C554003168EA /* Products */;
			projectDirPath = "";
			projectRoot = "";
			targets = (
				CEDC3D6B1E24C554003168EA /* FoodZity */,
			);
		};
/* End PBXProject section */

/* Begin PBXResourcesBuildPhase section */
		CEDC3D6A1E24C554003168EA /* Resources */ = {
			isa = PBXResourcesBuildPhase;
			buildActionMask = 2147483647;
			files = (
				CEDC3D7A1E24C554003168EA /* LaunchScreen.storyboard in Resources */,
				CEDC3D891E24C80D003168EA /* Registration.storyboard in Resources */,
				CEDC3D771E24C554003168EA /* Assets.xcassets in Resources */,
				17629F5D1E2D72CE00D230A6 /* Main.storyboard in Resources */,
			);
			runOnlyForDeploymentPostprocessing = 0;
		};
/* End PBXResourcesBuildPhase section */

/* Begin PBXSourcesBuildPhase section */
		CEDC3D681E24C554003168EA /* Sources */ = {
			isa = PBXSourcesBuildPhase;
			buildActionMask = 2147483647;
			files = (
				17629F581E2D729700D230A6 /* AppDelegate.swift in Sources */,
				CEDC3D911E25140D003168EA /* PhoneAcceptViewController.swift in Sources */,
				CEDC3D8D1E2513F3003168EA /* RegistrationViewController.swift in Sources */,
				CEDC3D931E251426003168EA /* SelectStoresViewController.swift in Sources */,
				CE63521A1E2774790047A870 /* CheckBox.swift in Sources */,
				17629F5B1E2D72A700D230A6 /* FZUIHelper.swift in Sources */,
				CEF1EA091E2649CC00C8C518 /* VerificationCodeViewController.swift in Sources */,
				CEF1EA0D1E26524000C8C518 /* ViewExtension.swift in Sources */,
				CEDC3D991E2559D5003168EA /* SelectStoreTableViewCell.swift in Sources */,
				CEDC3D8F1E251403003168EA /* UserInfoViewController.swift in Sources */,
				CEDC3D951E254FB0003168EA /* Constants.swift in Sources */,
				17629F5F1E2D72DF00D230A6 /* LoginViewController.swift in Sources */,
				CE42E2F91E29335F00BE1C60 /* AlertViewController.swift in Sources */,
			);
			runOnlyForDeploymentPostprocessing = 0;
		};
/* End PBXSourcesBuildPhase section */

/* Begin PBXVariantGroup section */
		CEDC3D781E24C554003168EA /* LaunchScreen.storyboard */ = {
			isa = PBXVariantGroup;
			children = (
				CEDC3D791E24C554003168EA /* Base */,
			);
			name = LaunchScreen.storyboard;
			sourceTree = "<group>";
		};
		CEDC3D871E24C80D003168EA /* Registration.storyboard */ = {
			isa = PBXVariantGroup;
			children = (
				CEDC3D881E24C80D003168EA /* Base */,
			);
			name = Registration.storyboard;
			sourceTree = "<group>";
		};
/* End PBXVariantGroup section */

/* Begin XCBuildConfiguration section */
		CEDC3D7C1E24C554003168EA /* Debug */ = {
			isa = XCBuildConfiguration;
			buildSettings = {
				ALWAYS_SEARCH_USER_PATHS = NO;
				CLANG_ANALYZER_NONNULL = YES;
				CLANG_CXX_LANGUAGE_STANDARD = "gnu++0x";
				CLANG_CXX_LIBRARY = "libc++";
				CLANG_ENABLE_MODULES = YES;
				CLANG_ENABLE_OBJC_ARC = YES;
				CLANG_WARN_BOOL_CONVERSION = YES;
				CLANG_WARN_CONSTANT_CONVERSION = YES;
				CLANG_WARN_DIRECT_OBJC_ISA_USAGE = YES_ERROR;
				CLANG_WARN_DOCUMENTATION_COMMENTS = YES;
				CLANG_WARN_EMPTY_BODY = YES;
				CLANG_WARN_ENUM_CONVERSION = YES;
				CLANG_WARN_INFINITE_RECURSION = YES;
				CLANG_WARN_INT_CONVERSION = YES;
				CLANG_WARN_OBJC_ROOT_CLASS = YES_ERROR;
				CLANG_WARN_SUSPICIOUS_MOVE = YES;
				CLANG_WARN_UNREACHABLE_CODE = YES;
				CLANG_WARN__DUPLICATE_METHOD_MATCH = YES;
				"CODE_SIGN_IDENTITY[sdk=iphoneos*]" = "iPhone Developer";
				COPY_PHASE_STRIP = NO;
				DEBUG_INFORMATION_FORMAT = dwarf;
				ENABLE_STRICT_OBJC_MSGSEND = YES;
				ENABLE_TESTABILITY = YES;
				GCC_C_LANGUAGE_STANDARD = gnu99;
				GCC_DYNAMIC_NO_PIC = NO;
				GCC_NO_COMMON_BLOCKS = YES;
				GCC_OPTIMIZATION_LEVEL = 0;
				GCC_PREPROCESSOR_DEFINITIONS = (
					"DEBUG=1",
					"$(inherited)",
				);
				GCC_WARN_64_TO_32_BIT_CONVERSION = YES;
				GCC_WARN_ABOUT_RETURN_TYPE = YES_ERROR;
				GCC_WARN_UNDECLARED_SELECTOR = YES;
				GCC_WARN_UNINITIALIZED_AUTOS = YES_AGGRESSIVE;
				GCC_WARN_UNUSED_FUNCTION = YES;
				GCC_WARN_UNUSED_VARIABLE = YES;
				IPHONEOS_DEPLOYMENT_TARGET = 10.2;
				MTL_ENABLE_DEBUG_INFO = YES;
				ONLY_ACTIVE_ARCH = YES;
				SDKROOT = iphoneos;
				SWIFT_ACTIVE_COMPILATION_CONDITIONS = DEBUG;
				SWIFT_OPTIMIZATION_LEVEL = "-Onone";
			};
			name = Debug;
		};
		CEDC3D7D1E24C554003168EA /* Release */ = {
			isa = XCBuildConfiguration;
			buildSettings = {
				ALWAYS_SEARCH_USER_PATHS = NO;
				CLANG_ANALYZER_NONNULL = YES;
				CLANG_CXX_LANGUAGE_STANDARD = "gnu++0x";
				CLANG_CXX_LIBRARY = "libc++";
				CLANG_ENABLE_MODULES = YES;
				CLANG_ENABLE_OBJC_ARC = YES;
				CLANG_WARN_BOOL_CONVERSION = YES;
				CLANG_WARN_CONSTANT_CONVERSION = YES;
				CLANG_WARN_DIRECT_OBJC_ISA_USAGE = YES_ERROR;
				CLANG_WARN_DOCUMENTATION_COMMENTS = YES;
				CLANG_WARN_EMPTY_BODY = YES;
				CLANG_WARN_ENUM_CONVERSION = YES;
				CLANG_WARN_INFINITE_RECURSION = YES;
				CLANG_WARN_INT_CONVERSION = YES;
				CLANG_WARN_OBJC_ROOT_CLASS = YES_ERROR;
				CLANG_WARN_SUSPICIOUS_MOVE = YES;
				CLANG_WARN_UNREACHABLE_CODE = YES;
				CLANG_WARN__DUPLICATE_METHOD_MATCH = YES;
				"CODE_SIGN_IDENTITY[sdk=iphoneos*]" = "iPhone Developer";
				COPY_PHASE_STRIP = NO;
				DEBUG_INFORMATION_FORMAT = "dwarf-with-dsym";
				ENABLE_NS_ASSERTIONS = NO;
				ENABLE_STRICT_OBJC_MSGSEND = YES;
				GCC_C_LANGUAGE_STANDARD = gnu99;
				GCC_NO_COMMON_BLOCKS = YES;
				GCC_WARN_64_TO_32_BIT_CONVERSION = YES;
				GCC_WARN_ABOUT_RETURN_TYPE = YES_ERROR;
				GCC_WARN_UNDECLARED_SELECTOR = YES;
				GCC_WARN_UNINITIALIZED_AUTOS = YES_AGGRESSIVE;
				GCC_WARN_UNUSED_FUNCTION = YES;
				GCC_WARN_UNUSED_VARIABLE = YES;
				IPHONEOS_DEPLOYMENT_TARGET = 10.2;
				MTL_ENABLE_DEBUG_INFO = NO;
				SDKROOT = iphoneos;
				SWIFT_OPTIMIZATION_LEVEL = "-Owholemodule";
				VALIDATE_PRODUCT = YES;
			};
			name = Release;
		};
		CEDC3D7F1E24C554003168EA /* Debug */ = {
			isa = XCBuildConfiguration;
			buildSettings = {
				ASSETCATALOG_COMPILER_APPICON_NAME = AppIcon;
				INFOPLIST_FILE = FoodZity/Info.plist;
				LD_RUNPATH_SEARCH_PATHS = "$(inherited) @executable_path/Frameworks";
				PRODUCT_BUNDLE_IDENTIFIER = Gomans.FoodZity;
				PRODUCT_NAME = "$(TARGET_NAME)";
				SWIFT_VERSION = 3.0;
			};
			name = Debug;
		};
		CEDC3D801E24C554003168EA /* Release */ = {
			isa = XCBuildConfiguration;
			buildSettings = {
				ASSETCATALOG_COMPILER_APPICON_NAME = AppIcon;
				INFOPLIST_FILE = FoodZity/Info.plist;
				LD_RUNPATH_SEARCH_PATHS = "$(inherited) @executable_path/Frameworks";
				PRODUCT_BUNDLE_IDENTIFIER = Gomans.FoodZity;
				PRODUCT_NAME = "$(TARGET_NAME)";
				SWIFT_VERSION = 3.0;
			};
			name = Release;
		};
/* End XCBuildConfiguration section */

/* Begin XCConfigurationList section */
		CEDC3D671E24C553003168EA /* Build configuration list for PBXProject "FoodZity" */ = {
			isa = XCConfigurationList;
			buildConfigurations = (
				CEDC3D7C1E24C554003168EA /* Debug */,
				CEDC3D7D1E24C554003168EA /* Release */,
			);
			defaultConfigurationIsVisible = 0;
			defaultConfigurationName = Release;
		};
		CEDC3D7E1E24C554003168EA /* Build configuration list for PBXNativeTarget "FoodZity" */ = {
			isa = XCConfigurationList;
			buildConfigurations = (
				CEDC3D7F1E24C554003168EA /* Debug */,
				CEDC3D801E24C554003168EA /* Release */,
			);
			defaultConfigurationIsVisible = 0;
			defaultConfigurationName = Release;
		};
/* End XCConfigurationList section */
	};
	rootObject = CEDC3D641E24C553003168EA /* Project object */;
}
